// !$*UTF8*$!
{
	archiveVersion = 1;
	classes = {
	};
	objectVersion = 50;
	objects = {

/* Begin PBXBuildFile section */
		FAC07C23210B97540098B4AE /* AppDelegate.swift in Sources */ = {isa = PBXBuildFile; fileRef = FAC07C22210B97540098B4AE /* AppDelegate.swift */; };
		FAC07C25210B97540098B4AE /* MainVC.swift in Sources */ = {isa = PBXBuildFile; fileRef = FAC07C24210B97540098B4AE /* MainVC.swift */; };
		FAC07C28210B97540098B4AE /* Main.storyboard in Resources */ = {isa = PBXBuildFile; fileRef = FAC07C26210B97540098B4AE /* Main.storyboard */; };
		FAC07C2B210B97540098B4AE /* My_Tasks.xcdatamodeld in Sources */ = {isa = PBXBuildFile; fileRef = FAC07C29210B97540098B4AE /* My_Tasks.xcdatamodeld */; };
		FAC07C2D210B97540098B4AE /* Assets.xcassets in Resources */ = {isa = PBXBuildFile; fileRef = FAC07C2C210B97540098B4AE /* Assets.xcassets */; };
		FAC07C30210B97540098B4AE /* LaunchScreen.storyboard in Resources */ = {isa = PBXBuildFile; fileRef = FAC07C2E210B97540098B4AE /* LaunchScreen.storyboard */; };
		FAC07C38210B99ED0098B4AE /* AddNewTaskVC.swift in Sources */ = {isa = PBXBuildFile; fileRef = FAC07C37210B99ED0098B4AE /* AddNewTaskVC.swift */; };
/* End PBXBuildFile section */

/* Begin PBXFileReference section */
		FAC07C1F210B97540098B4AE /* My Tasks.app */ = {isa = PBXFileReference; explicitFileType = wrapper.application; includeInIndex = 0; path = "My Tasks.app"; sourceTree = BUILT_PRODUCTS_DIR; };
		FAC07C22210B97540098B4AE /* AppDelegate.swift */ = {isa = PBXFileReference; lastKnownFileType = sourcecode.swift; path = AppDelegate.swift; sourceTree = "<group>"; };
		FAC07C24210B97540098B4AE /* MainVC.swift */ = {isa = PBXFileReference; lastKnownFileType = sourcecode.swift; path = MainVC.swift; sourceTree = "<group>"; };
		FAC07C27210B97540098B4AE /* Base */ = {isa = PBXFileReference; lastKnownFileType = file.storyboard; name = Base; path = Base.lproj/Main.storyboard; sourceTree = "<group>"; };
		FAC07C2A210B97540098B4AE /* My_Tasks.xcdatamodel */ = {isa = PBXFileReference; lastKnownFileType = wrapper.xcdatamodel; path = My_Tasks.xcdatamodel; sourceTree = "<group>"; };
		FAC07C2C210B97540098B4AE /* Assets.xcassets */ = {isa = PBXFileReference; lastKnownFileType = folder.assetcatalog; path = Assets.xcassets; sourceTree = "<group>"; };
		FAC07C2F210B97540098B4AE /* Base */ = {isa = PBXFileReference; lastKnownFileType = file.storyboard; name = Base; path = Base.lproj/LaunchScreen.storyboard; sourceTree = "<group>"; };
		FAC07C31210B97540098B4AE /* Info.plist */ = {isa = PBXFileReference; lastKnownFileType = text.plist.xml; path = Info.plist; sourceTree = "<group>"; };
		FAC07C37210B99ED0098B4AE /* AddNewTaskVC.swift */ = {isa = PBXFileReference; lastKnownFileType = sourcecode.swift; path = AddNewTaskVC.swift; sourceTree = "<group>"; };
/* End PBXFileReference section */

/* Begin PBXFrameworksBuildPhase section */
		FAC07C1C210B97540098B4AE /* Frameworks */ = {
			isa = PBXFrameworksBuildPhase;
			buildActionMask = 2147483647;
			files = (
			);
			runOnlyForDeploymentPostprocessing = 0;
		};
/* End PBXFrameworksBuildPhase section */

/* Begin PBXGroup section */
		FAC07C16210B97540098B4AE = {
			isa = PBXGroup;
			children = (
				FAC07C21210B97540098B4AE /* My Tasks */,
				FAC07C20210B97540098B4AE /* Products */,
			);
			sourceTree = "<group>";
		};
		FAC07C20210B97540098B4AE /* Products */ = {
			isa = PBXGroup;
			children = (
				FAC07C1F210B97540098B4AE /* My Tasks.app */,
			);
			name = Products;
			sourceTree = "<group>";
		};
		FAC07C21210B97540098B4AE /* My Tasks */ = {
			isa = PBXGroup;
			children = (
				FAC07C22210B97540098B4AE /* AppDelegate.swift */,
				FAC07C24210B97540098B4AE /* MainVC.swift */,
				FAC07C26210B97540098B4AE /* Main.storyboard */,
				FAC07C2C210B97540098B4AE /* Assets.xcassets */,
				FAC07C2E210B97540098B4AE /* LaunchScreen.storyboard */,
				FAC07C31210B97540098B4AE /* Info.plist */,
				FAC07C29210B97540098B4AE /* My_Tasks.xcdatamodeld */,
				FAC07C37210B99ED0098B4AE /* AddNewTaskVC.swift */,
			);
			path = "My Tasks";
			sourceTree = "<group>";
		};
/* End PBXGroup section */

/* Begin PBXNativeTarget section */
		FAC07C1E210B97540098B4AE /* My Tasks */ = {
			isa = PBXNativeTarget;
			buildConfigurationList = FAC07C34210B97540098B4AE /* Build configuration list for PBXNativeTarget "My Tasks" */;
			buildPhases = (
				FAC07C1B210B97540098B4AE /* Sources */,
				FAC07C1C210B97540098B4AE /* Frameworks */,
				FAC07C1D210B97540098B4AE /* Resources */,
			);
			buildRules = (
			);
			dependencies = (
			);
			name = "My Tasks";
			productName = "My Tasks";
			productReference = FAC07C1F210B97540098B4AE /* My Tasks.app */;
			productType = "com.apple.product-type.application";
		};
/* End PBXNativeTarget section */

/* Begin PBXProject section */
		FAC07C17210B97540098B4AE /* Project object */ = {
			isa = PBXProject;
			attributes = {
				LastSwiftUpdateCheck = 0940;
				LastUpgradeCheck = 0940;
				ORGANIZATIONNAME = "Sourav Sarkar";
				TargetAttributes = {
					FAC07C1E210B97540098B4AE = {
						CreatedOnToolsVersion = 9.4.1;
					};
				};
			};
			buildConfigurationList = FAC07C1A210B97540098B4AE /* Build configuration list for PBXProject "My Tasks" */;
			compatibilityVersion = "Xcode 9.3";
			developmentRegion = en;
			hasScannedForEncodings = 0;
			knownRegions = (
				en,
				Base,
			);
			mainGroup = FAC07C16210B97540098B4AE;
			productRefGroup = FAC07C20210B97540098B4AE /* Products */;
			projectDirPath = "";
			projectRoot = "";
			targets = (
				FAC07C1E210B97540098B4AE /* My Tasks */,
			);
		};
/* End PBXProject section */

/* Begin PBXResourcesBuildPhase section */
		FAC07C1D210B97540098B4AE /* Resources */ = {
			isa = PBXResourcesBuildPhase;
			buildActionMask = 2147483647;
			files = (
				FAC07C30210B97540098B4AE /* LaunchScreen.storyboard in Resources */,
				FAC07C2D210B97540098B4AE /* Assets.xcassets in Resources */,
				FAC07C28210B97540098B4AE /* Main.storyboard in Resources */,
			);
			runOnlyForDeploymentPostprocessing = 0;
		};
/* End PBXResourcesBuildPhase section */

/* Begin PBXSourcesBuildPhase section */
		FAC07C1B210B97540098B4AE /* Sources */ = {
			isa = PBXSourcesBuildPhase;
			buildActionMask = 2147483647;
			files = (
				FAC07C38210B99ED0098B4AE /* AddNewTaskVC.swift in Sources */,
				FAC07C25210B97540098B4AE /* MainVC.swift in Sources */,
				FAC07C23210B97540098B4AE /* AppDelegate.swift in Sources */,
				FAC07C2B210B97540098B4AE /* My_Tasks.xcdatamodeld in Sources */,
			);
			runOnlyForDeploymentPostprocessing = 0;
		};
/* End PBXSourcesBuildPhase section */

/* Begin PBXVariantGroup section */
		FAC07C26210B97540098B4AE /* Main.storyboard */ = {
			isa = PBXVariantGroup;
			children = (
				FAC07C27210B97540098B4AE /* Base */,
			);
			name = Main.storyboard;
			sourceTree = "<group>";
		};
		FAC07C2E210B97540098B4AE /* LaunchScreen.storyboard */ = {
			isa = PBXVariantGroup;
			children = (
				FAC07C2F210B97540098B4AE /* Base */,
			);
			name = LaunchScreen.storyboard;
			sourceTree = "<group>";
		};
/* End PBXVariantGroup section */

/* Begin XCBuildConfiguration section */
		FAC07C32210B97540098B4AE /* Debug */ = {
			isa = XCBuildConfiguration;
			buildSettings = {
				ALWAYS_SEARCH_USER_PATHS = NO;
				CLANG_ANALYZER_NONNULL = YES;
				CLANG_ANALYZER_NUMBER_OBJECT_CONVERSION = YES_AGGRESSIVE;
				CLANG_CXX_LANGUAGE_STANDARD = "gnu++14";
				CLANG_CXX_LIBRARY = "libc++";
				CLANG_ENABLE_MODULES = YES;
				CLANG_ENABLE_OBJC_ARC = YES;
				CLANG_ENABLE_OBJC_WEAK = YES;
				CLANG_WARN_BLOCK_CAPTURE_AUTORELEASING = YES;
				CLANG_WARN_BOOL_CONVERSION = YES;
				CLANG_WARN_COMMA = YES;
				CLANG_WARN_CONSTANT_CONVERSION = YES;
				CLANG_WARN_DEPRECATED_OBJC_IMPLEMENTATIONS = YES;
				CLANG_WARN_DIRECT_OBJC_ISA_USAGE = YES_ERROR;
				CLANG_WARN_DOCUMENTATION_COMMENTS = YES;
				CLANG_WARN_EMPTY_BODY = YES;
				CLANG_WARN_ENUM_CONVERSION = YES;
				CLANG_WARN_INFINITE_RECURSION = YES;
				CLANG_WARN_INT_CONVERSION = YES;
				CLANG_WARN_NON_LITERAL_NULL_CONVERSION = YES;
				CLANG_WARN_OBJC_IMPLICIT_RETAIN_SELF = YES;
				CLANG_WARN_OBJC_LITERAL_CONVERSION = YES;
				CLANG_WARN_OBJC_ROOT_CLASS = YES_ERROR;
				CLANG_WARN_RANGE_LOOP_ANALYSIS = YES;
				CLANG_WARN_STRICT_PROTOTYPES = YES;
				CLANG_WARN_SUSPICIOUS_MOVE = YES;
				CLANG_WARN_UNGUARDED_AVAILABILITY = YES_AGGRESSIVE;
				CLANG_WARN_UNREACHABLE_CODE = YES;
				CLANG_WARN__DUPLICATE_METHOD_MATCH = YES;
				CODE_SIGN_IDENTITY = "iPhone Developer";
				COPY_PHASE_STRIP = NO;
				DEBUG_INFORMATION_FORMAT = dwarf;
				ENABLE_STRICT_OBJC_MSGSEND = YES;
				ENABLE_TESTABILITY = YES;
				GCC_C_LANGUAGE_STANDARD = gnu11;
				GCC_DYNAMIC_NO_PIC = NO;
				GCC_NO_COMMON_BLOCKS = YES;
				GCC_OPTIMIZATION_LEVEL = 0;
				GCC_PREPROCESSOR_DEFINITIONS = (
					"DEBUG=1",
					"$(inherited)",
				);
				GCC_WARN_64_TO_32_BIT_CONVERSION = YES;
				GCC_WARN_ABOUT_RETURN_TYPE = YES_ERROR;
				GCC_WARN_UNDECLARED_SELECTOR = YES;
				GCC_WARN_UNINITIALIZED_AUTOS = YES_AGGRESSIVE;
				GCC_WARN_UNUSED_FUNCTION = YES;
				GCC_WARN_UNUSED_VARIABLE = YES;
				IPHONEOS_DEPLOYMENT_TARGET = 11.4;
				MTL_ENABLE_DEBUG_INFO = YES;
				ONLY_ACTIVE_ARCH = YES;
				SDKROOT = iphoneos;
				SWIFT_ACTIVE_COMPILATION_CONDITIONS = DEBUG;
				SWIFT_OPTIMIZATION_LEVEL = "-Onone";
			};
			name = Debug;
		};
		FAC07C33210B97540098B4AE /* Release */ = {
			isa = XCBuildConfiguration;
			buildSettings = {
				ALWAYS_SEARCH_USER_PATHS = NO;
				CLANG_ANALYZER_NONNULL = YES;
				CLANG_ANALYZER_NUMBER_OBJECT_CONVERSION = YES_AGGRESSIVE;
				CLANG_CXX_LANGUAGE_STANDARD = "gnu++14";
				CLANG_CXX_LIBRARY = "libc++";
				CLANG_ENABLE_MODULES = YES;
				CLANG_ENABLE_OBJC_ARC = YES;
				CLANG_ENABLE_OBJC_WEAK = YES;
				CLANG_WARN_BLOCK_CAPTURE_AUTORELEASING = YES;
				CLANG_WARN_BOOL_CONVERSION = YES;
				CLANG_WARN_COMMA = YES;
				CLANG_WARN_CONSTANT_CONVERSION = YES;
				CLANG_WARN_DEPRECATED_OBJC_IMPLEMENTATIONS = YES;
				CLANG_WARN_DIRECT_OBJC_ISA_USAGE = YES_ERROR;
				CLANG_WARN_DOCUMENTATION_COMMENTS = YES;
				CLANG_WARN_EMPTY_BODY = YES;
				CLANG_WARN_ENUM_CONVERSION = YES;
				CLANG_WARN_INFINITE_RECURSION = YES;
				CLANG_WARN_INT_CONVERSION = YES;
				CLANG_WARN_NON_LITERAL_NULL_CONVERSION = YES;
				CLANG_WARN_OBJC_IMPLICIT_RETAIN_SELF = YES;
				CLANG_WARN_OBJC_LITERAL_CONVERSION = YES;
				CLANG_WARN_OBJC_ROOT_CLASS = YES_ERROR;
				CLANG_WARN_RANGE_LOOP_ANALYSIS = YES;
				CLANG_WARN_STRICT_PROTOTYPES = YES;
				CLANG_WARN_SUSPICIOUS_MOVE = YES;
				CLANG_WARN_UNGUARDED_AVAILABILITY = YES_AGGRESSIVE;
				CLANG_WARN_UNREACHABLE_CODE = YES;
				CLANG_WARN__DUPLICATE_METHOD_MATCH = YES;
				CODE_SIGN_IDENTITY = "iPhone Developer";
				COPY_PHASE_STRIP = NO;
				DEBUG_INFORMATION_FORMAT = "dwarf-with-dsym";
				ENABLE_NS_ASSERTIONS = NO;
				ENABLE_STRICT_OBJC_MSGSEND = YES;
				GCC_C_LANGUAGE_STANDARD = gnu11;
				GCC_NO_COMMON_BLOCKS = YES;
				GCC_WARN_64_TO_32_BIT_CONVERSION = YES;
				GCC_WARN_ABOUT_RETURN_TYPE = YES_ERROR;
				GCC_WARN_UNDECLARED_SELECTOR = YES;
				GCC_WARN_UNINITIALIZED_AUTOS = YES_AGGRESSIVE;
				GCC_WARN_UNUSED_FUNCTION = YES;
				GCC_WARN_UNUSED_VARIABLE = YES;
				IPHONEOS_DEPLOYMENT_TARGET = 11.4;
				MTL_ENABLE_DEBUG_INFO = NO;
				SDKROOT = iphoneos;
				SWIFT_COMPILATION_MODE = wholemodule;
				SWIFT_OPTIMIZATION_LEVEL = "-O";
				VALIDATE_PRODUCT = YES;
			};
			name = Release;
		};
		FAC07C35210B97540098B4AE /* Debug */ = {
			isa = XCBuildConfiguration;
			buildSettings = {
				ASSETCATALOG_COMPILER_APPICON_NAME = AppIcon;
				CODE_SIGN_STYLE = Automatic;
				DEVELOPMENT_TEAM = "";
				INFOPLIST_FILE = "My Tasks/Info.plist";
				LD_RUNPATH_SEARCH_PATHS = (
					"$(inherited)",
					"@executable_path/Frameworks",
				);
				PRODUCT_BUNDLE_IDENTIFIER = "com.sourav.My-Tasks";
				PRODUCT_NAME = "$(TARGET_NAME)";
				SWIFT_VERSION = 4.0;
				TARGETED_DEVICE_FAMILY = "1,2";
			};
			name = Debug;
		};
		FAC07C36210B97540098B4AE /* Release */ = {
			isa = XCBuildConfiguration;
			buildSettings = {
				ASSETCATALOG_COMPILER_APPICON_NAME = AppIcon;
				CODE_SIGN_STYLE = Automatic;
				DEVELOPMENT_TEAM = "";
				INFOPLIST_FILE = "My Tasks/Info.plist";
				LD_RUNPATH_SEARCH_PATHS = (
					"$(inherited)",
					"@executable_path/Frameworks",
				);
				PRODUCT_BUNDLE_IDENTIFIER = "com.sourav.My-Tasks";
				PRODUCT_NAME = "$(TARGET_NAME)";
				SWIFT_VERSION = 4.0;
				TARGETED_DEVICE_FAMILY = "1,2";
			};
			name = Release;
		};
/* End XCBuildConfiguration section */

/* Begin XCConfigurationList section */
		FAC07C1A210B97540098B4AE /* Build configuration list for PBXProject "My Tasks" */ = {
			isa = XCConfigurationList;
			buildConfigurations = (
				FAC07C32210B97540098B4AE /* Debug */,
				FAC07C33210B97540098B4AE /* Release */,
			);
			defaultConfigurationIsVisible = 0;
			defaultConfigurationName = Release;
		};
		FAC07C34210B97540098B4AE /* Build configuration list for PBXNativeTarget "My Tasks" */ = {
			isa = XCConfigurationList;
			buildConfigurations = (
				FAC07C35210B97540098B4AE /* Debug */,
				FAC07C36210B97540098B4AE /* Release */,
			);
			defaultConfigurationIsVisible = 0;
			defaultConfigurationName = Release;
		};
/* End XCConfigurationList section */

/* Begin XCVersionGroup section */
		FAC07C29210B97540098B4AE /* My_Tasks.xcdatamodeld */ = {
			isa = XCVersionGroup;
			children = (
				FAC07C2A210B97540098B4AE /* My_Tasks.xcdatamodel */,
			);
			currentVersion = FAC07C2A210B97540098B4AE /* My_Tasks.xcdatamodel */;
			path = My_Tasks.xcdatamodeld;
			sourceTree = "<group>";
			versionGroupType = wrapper.xcdatamodel;
		};
/* End XCVersionGroup section */
	};
	rootObject = FAC07C17210B97540098B4AE /* Project object */;
}
