// !$*UTF8*$!
{
	archiveVersion = 1;
	classes = {
	};
	objectVersion = 50;
	objects = {

/* Begin PBXBuildFile section */
		FAF6AE34210A1E1E00C2AD54 /* AppDelegate.swift in Sources */ = {isa = PBXBuildFile; fileRef = FAF6AE33210A1E1E00C2AD54 /* AppDelegate.swift */; };
		FAF6AE36210A1E1E00C2AD54 /* ViewController.swift in Sources */ = {isa = PBXBuildFile; fileRef = FAF6AE35210A1E1E00C2AD54 /* ViewController.swift */; };
		FAF6AE39210A1E1E00C2AD54 /* Main.storyboard in Resources */ = {isa = PBXBuildFile; fileRef = FAF6AE37210A1E1E00C2AD54 /* Main.storyboard */; };
		FAF6AE3B210A1E2000C2AD54 /* Assets.xcassets in Resources */ = {isa = PBXBuildFile; fileRef = FAF6AE3A210A1E2000C2AD54 /* Assets.xcassets */; };
		FAF6AE3E210A1E2000C2AD54 /* LaunchScreen.storyboard in Resources */ = {isa = PBXBuildFile; fileRef = FAF6AE3C210A1E2000C2AD54 /* LaunchScreen.storyboard */; };
		FAF6AE46210A278500C2AD54 /* Round.swift in Sources */ = {isa = PBXBuildFile; fileRef = FAF6AE45210A278500C2AD54 /* Round.swift */; };
/* End PBXBuildFile section */

/* Begin PBXFileReference section */
		FAF6AE30210A1E1E00C2AD54 /* Button Circles.app */ = {isa = PBXFileReference; explicitFileType = wrapper.application; includeInIndex = 0; path = "Button Circles.app"; sourceTree = BUILT_PRODUCTS_DIR; };
		FAF6AE33210A1E1E00C2AD54 /* AppDelegate.swift */ = {isa = PBXFileReference; lastKnownFileType = sourcecode.swift; path = AppDelegate.swift; sourceTree = "<group>"; };
		FAF6AE35210A1E1E00C2AD54 /* ViewController.swift */ = {isa = PBXFileReference; lastKnownFileType = sourcecode.swift; path = ViewController.swift; sourceTree = "<group>"; };
		FAF6AE38210A1E1E00C2AD54 /* Base */ = {isa = PBXFileReference; lastKnownFileType = file.storyboard; name = Base; path = Base.lproj/Main.storyboard; sourceTree = "<group>"; };
		FAF6AE3A210A1E2000C2AD54 /* Assets.xcassets */ = {isa = PBXFileReference; lastKnownFileType = folder.assetcatalog; path = Assets.xcassets; sourceTree = "<group>"; };
		FAF6AE3D210A1E2000C2AD54 /* Base */ = {isa = PBXFileReference; lastKnownFileType = file.storyboard; name = Base; path = Base.lproj/LaunchScreen.storyboard; sourceTree = "<group>"; };
		FAF6AE3F210A1E2000C2AD54 /* Info.plist */ = {isa = PBXFileReference; lastKnownFileType = text.plist.xml; path = Info.plist; sourceTree = "<group>"; };
		FAF6AE45210A278500C2AD54 /* Round.swift */ = {isa = PBXFileReference; lastKnownFileType = sourcecode.swift; path = Round.swift; sourceTree = "<group>"; };
/* End PBXFileReference section */

/* Begin PBXFrameworksBuildPhase section */
		FAF6AE2D210A1E1E00C2AD54 /* Frameworks */ = {
			isa = PBXFrameworksBuildPhase;
			buildActionMask = 2147483647;
			files = (
			);
			runOnlyForDeploymentPostprocessing = 0;
		};
/* End PBXFrameworksBuildPhase section */

/* Begin PBXGroup section */
		FAF6AE27210A1E1E00C2AD54 = {
			isa = PBXGroup;
			children = (
				FAF6AE32210A1E1E00C2AD54 /* Button Circles */,
				FAF6AE31210A1E1E00C2AD54 /* Products */,
			);
			sourceTree = "<group>";
		};
		FAF6AE31210A1E1E00C2AD54 /* Products */ = {
			isa = PBXGroup;
			children = (
				FAF6AE30210A1E1E00C2AD54 /* Button Circles.app */,
			);
			name = Products;
			sourceTree = "<group>";
		};
		FAF6AE32210A1E1E00C2AD54 /* Button Circles */ = {
			isa = PBXGroup;
			children = (
				FAF6AE33210A1E1E00C2AD54 /* AppDelegate.swift */,
				FAF6AE35210A1E1E00C2AD54 /* ViewController.swift */,
				FAF6AE37210A1E1E00C2AD54 /* Main.storyboard */,
				FAF6AE45210A278500C2AD54 /* Round.swift */,
				FAF6AE3A210A1E2000C2AD54 /* Assets.xcassets */,
				FAF6AE3C210A1E2000C2AD54 /* LaunchScreen.storyboard */,
				FAF6AE3F210A1E2000C2AD54 /* Info.plist */,
			);
			path = "Button Circles";
			sourceTree = "<group>";
		};
/* End PBXGroup section */

/* Begin PBXNativeTarget section */
		FAF6AE2F210A1E1E00C2AD54 /* Button Circles */ = {
			isa = PBXNativeTarget;
			buildConfigurationList = FAF6AE42210A1E2000C2AD54 /* Build configuration list for PBXNativeTarget "Button Circles" */;
			buildPhases = (
				FAF6AE2C210A1E1E00C2AD54 /* Sources */,
				FAF6AE2D210A1E1E00C2AD54 /* Frameworks */,
				FAF6AE2E210A1E1E00C2AD54 /* Resources */,
			);
			buildRules = (
			);
			dependencies = (
			);
			name = "Button Circles";
			productName = "Button Circles";
			productReference = FAF6AE30210A1E1E00C2AD54 /* Button Circles.app */;
			productType = "com.apple.product-type.application";
		};
/* End PBXNativeTarget section */

/* Begin PBXProject section */
		FAF6AE28210A1E1E00C2AD54 /* Project object */ = {
			isa = PBXProject;
			attributes = {
				LastSwiftUpdateCheck = 0940;
				LastUpgradeCheck = 0940;
				ORGANIZATIONNAME = "Sourav Sarkar";
				TargetAttributes = {
					FAF6AE2F210A1E1E00C2AD54 = {
						CreatedOnToolsVersion = 9.4.1;
					};
				};
			};
			buildConfigurationList = FAF6AE2B210A1E1E00C2AD54 /* Build configuration list for PBXProject "Button Circles" */;
			compatibilityVersion = "Xcode 9.3";
			developmentRegion = en;
			hasScannedForEncodings = 0;
			knownRegions = (
				en,
				Base,
			);
			mainGroup = FAF6AE27210A1E1E00C2AD54;
			productRefGroup = FAF6AE31210A1E1E00C2AD54 /* Products */;
			projectDirPath = "";
			projectRoot = "";
			targets = (
				FAF6AE2F210A1E1E00C2AD54 /* Button Circles */,
			);
		};
/* End PBXProject section */

/* Begin PBXResourcesBuildPhase section */
		FAF6AE2E210A1E1E00C2AD54 /* Resources */ = {
			isa = PBXResourcesBuildPhase;
			buildActionMask = 2147483647;
			files = (
				FAF6AE3E210A1E2000C2AD54 /* LaunchScreen.storyboard in Resources */,
				FAF6AE3B210A1E2000C2AD54 /* Assets.xcassets in Resources */,
				FAF6AE39210A1E1E00C2AD54 /* Main.storyboard in Resources */,
			);
			runOnlyForDeploymentPostprocessing = 0;
		};
/* End PBXResourcesBuildPhase section */

/* Begin PBXSourcesBuildPhase section */
		FAF6AE2C210A1E1E00C2AD54 /* Sources */ = {
			isa = PBXSourcesBuildPhase;
			buildActionMask = 2147483647;
			files = (
				FAF6AE36210A1E1E00C2AD54 /* ViewController.swift in Sources */,
				FAF6AE46210A278500C2AD54 /* Round.swift in Sources */,
				FAF6AE34210A1E1E00C2AD54 /* AppDelegate.swift in Sources */,
			);
			runOnlyForDeploymentPostprocessing = 0;
		};
/* End PBXSourcesBuildPhase section */

/* Begin PBXVariantGroup section */
		FAF6AE37210A1E1E00C2AD54 /* Main.storyboard */ = {
			isa = PBXVariantGroup;
			children = (
				FAF6AE38210A1E1E00C2AD54 /* Base */,
			);
			name = Main.storyboard;
			sourceTree = "<group>";
		};
		FAF6AE3C210A1E2000C2AD54 /* LaunchScreen.storyboard */ = {
			isa = PBXVariantGroup;
			children = (
				FAF6AE3D210A1E2000C2AD54 /* Base */,
			);
			name = LaunchScreen.storyboard;
			sourceTree = "<group>";
		};
/* End PBXVariantGroup section */

/* Begin XCBuildConfiguration section */
		FAF6AE40210A1E2000C2AD54 /* Debug */ = {
			isa = XCBuildConfiguration;
			buildSettings = {
				ALWAYS_SEARCH_USER_PATHS = NO;
				CLANG_ANALYZER_NONNULL = YES;
				CLANG_ANALYZER_NUMBER_OBJECT_CONVERSION = YES_AGGRESSIVE;
				CLANG_CXX_LANGUAGE_STANDARD = "gnu++14";
				CLANG_CXX_LIBRARY = "libc++";
				CLANG_ENABLE_MODULES = YES;
				CLANG_ENABLE_OBJC_ARC = YES;
				CLANG_ENABLE_OBJC_WEAK = YES;
				CLANG_WARN_BLOCK_CAPTURE_AUTORELEASING = YES;
				CLANG_WARN_BOOL_CONVERSION = YES;
				CLANG_WARN_COMMA = YES;
				CLANG_WARN_CONSTANT_CONVERSION = YES;
				CLANG_WARN_DEPRECATED_OBJC_IMPLEMENTATIONS = YES;
				CLANG_WARN_DIRECT_OBJC_ISA_USAGE = YES_ERROR;
				CLANG_WARN_DOCUMENTATION_COMMENTS = YES;
				CLANG_WARN_EMPTY_BODY = YES;
				CLANG_WARN_ENUM_CONVERSION = YES;
				CLANG_WARN_INFINITE_RECURSION = YES;
				CLANG_WARN_INT_CONVERSION = YES;
				CLANG_WARN_NON_LITERAL_NULL_CONVERSION = YES;
				CLANG_WARN_OBJC_IMPLICIT_RETAIN_SELF = YES;
				CLANG_WARN_OBJC_LITERAL_CONVERSION = YES;
				CLANG_WARN_OBJC_ROOT_CLASS = YES_ERROR;
				CLANG_WARN_RANGE_LOOP_ANALYSIS = YES;
				CLANG_WARN_STRICT_PROTOTYPES = YES;
				CLANG_WARN_SUSPICIOUS_MOVE = YES;
				CLANG_WARN_UNGUARDED_AVAILABILITY = YES_AGGRESSIVE;
				CLANG_WARN_UNREACHABLE_CODE = YES;
				CLANG_WARN__DUPLICATE_METHOD_MATCH = YES;
				CODE_SIGN_IDENTITY = "iPhone Developer";
				COPY_PHASE_STRIP = NO;
				DEBUG_INFORMATION_FORMAT = dwarf;
				ENABLE_STRICT_OBJC_MSGSEND = YES;
				ENABLE_TESTABILITY = YES;
				GCC_C_LANGUAGE_STANDARD = gnu11;
				GCC_DYNAMIC_NO_PIC = NO;
				GCC_NO_COMMON_BLOCKS = YES;
				GCC_OPTIMIZATION_LEVEL = 0;
				GCC_PREPROCESSOR_DEFINITIONS = (
					"DEBUG=1",
					"$(inherited)",
				);
				GCC_WARN_64_TO_32_BIT_CONVERSION = YES;
				GCC_WARN_ABOUT_RETURN_TYPE = YES_ERROR;
				GCC_WARN_UNDECLARED_SELECTOR = YES;
				GCC_WARN_UNINITIALIZED_AUTOS = YES_AGGRESSIVE;
				GCC_WARN_UNUSED_FUNCTION = YES;
				GCC_WARN_UNUSED_VARIABLE = YES;
				IPHONEOS_DEPLOYMENT_TARGET = 11.4;
				MTL_ENABLE_DEBUG_INFO = YES;
				ONLY_ACTIVE_ARCH = YES;
				SDKROOT = iphoneos;
				SWIFT_ACTIVE_COMPILATION_CONDITIONS = DEBUG;
				SWIFT_OPTIMIZATION_LEVEL = "-Onone";
			};
			name = Debug;
		};
		FAF6AE41210A1E2000C2AD54 /* Release */ = {
			isa = XCBuildConfiguration;
			buildSettings = {
				ALWAYS_SEARCH_USER_PATHS = NO;
				CLANG_ANALYZER_NONNULL = YES;
				CLANG_ANALYZER_NUMBER_OBJECT_CONVERSION = YES_AGGRESSIVE;
				CLANG_CXX_LANGUAGE_STANDARD = "gnu++14";
				CLANG_CXX_LIBRARY = "libc++";
				CLANG_ENABLE_MODULES = YES;
				CLANG_ENABLE_OBJC_ARC = YES;
				CLANG_ENABLE_OBJC_WEAK = YES;
				CLANG_WARN_BLOCK_CAPTURE_AUTORELEASING = YES;
				CLANG_WARN_BOOL_CONVERSION = YES;
				CLANG_WARN_COMMA = YES;
				CLANG_WARN_CONSTANT_CONVERSION = YES;
				CLANG_WARN_DEPRECATED_OBJC_IMPLEMENTATIONS = YES;
				CLANG_WARN_DIRECT_OBJC_ISA_USAGE = YES_ERROR;
				CLANG_WARN_DOCUMENTATION_COMMENTS = YES;
				CLANG_WARN_EMPTY_BODY = YES;
				CLANG_WARN_ENUM_CONVERSION = YES;
				CLANG_WARN_INFINITE_RECURSION = YES;
				CLANG_WARN_INT_CONVERSION = YES;
				CLANG_WARN_NON_LITERAL_NULL_CONVERSION = YES;
				CLANG_WARN_OBJC_IMPLICIT_RETAIN_SELF = YES;
				CLANG_WARN_OBJC_LITERAL_CONVERSION = YES;
				CLANG_WARN_OBJC_ROOT_CLASS = YES_ERROR;
				CLANG_WARN_RANGE_LOOP_ANALYSIS = YES;
				CLANG_WARN_STRICT_PROTOTYPES = YES;
				CLANG_WARN_SUSPICIOUS_MOVE = YES;
				CLANG_WARN_UNGUARDED_AVAILABILITY = YES_AGGRESSIVE;
				CLANG_WARN_UNREACHABLE_CODE = YES;
				CLANG_WARN__DUPLICATE_METHOD_MATCH = YES;
				CODE_SIGN_IDENTITY = "iPhone Developer";
				COPY_PHASE_STRIP = NO;
				DEBUG_INFORMATION_FORMAT = "dwarf-with-dsym";
				ENABLE_NS_ASSERTIONS = NO;
				ENABLE_STRICT_OBJC_MSGSEND = YES;
				GCC_C_LANGUAGE_STANDARD = gnu11;
				GCC_NO_COMMON_BLOCKS = YES;
				GCC_WARN_64_TO_32_BIT_CONVERSION = YES;
				GCC_WARN_ABOUT_RETURN_TYPE = YES_ERROR;
				GCC_WARN_UNDECLARED_SELECTOR = YES;
				GCC_WARN_UNINITIALIZED_AUTOS = YES_AGGRESSIVE;
				GCC_WARN_UNUSED_FUNCTION = YES;
				GCC_WARN_UNUSED_VARIABLE = YES;
				IPHONEOS_DEPLOYMENT_TARGET = 11.4;
				MTL_ENABLE_DEBUG_INFO = NO;
				SDKROOT = iphoneos;
				SWIFT_COMPILATION_MODE = wholemodule;
				SWIFT_OPTIMIZATION_LEVEL = "-O";
				VALIDATE_PRODUCT = YES;
			};
			name = Release;
		};
		FAF6AE43210A1E2000C2AD54 /* Debug */ = {
			isa = XCBuildConfiguration;
			buildSettings = {
				ASSETCATALOG_COMPILER_APPICON_NAME = AppIcon;
				CODE_SIGN_STYLE = Automatic;
				DEVELOPMENT_TEAM = D482MV8P94;
				INFOPLIST_FILE = "Button Circles/Info.plist";
				LD_RUNPATH_SEARCH_PATHS = (
					"$(inherited)",
					"@executable_path/Frameworks",
				);
				PRODUCT_BUNDLE_IDENTIFIER = "com.sourav.Button-Circles";
				PRODUCT_NAME = "$(TARGET_NAME)";
				SWIFT_VERSION = 4.0;
				TARGETED_DEVICE_FAMILY = "1,2";
			};
			name = Debug;
		};
		FAF6AE44210A1E2000C2AD54 /* Release */ = {
			isa = XCBuildConfiguration;
			buildSettings = {
				ASSETCATALOG_COMPILER_APPICON_NAME = AppIcon;
				CODE_SIGN_STYLE = Automatic;
				DEVELOPMENT_TEAM = D482MV8P94;
				INFOPLIST_FILE = "Button Circles/Info.plist";
				LD_RUNPATH_SEARCH_PATHS = (
					"$(inherited)",
					"@executable_path/Frameworks",
				);
				PRODUCT_BUNDLE_IDENTIFIER = "com.sourav.Button-Circles";
				PRODUCT_NAME = "$(TARGET_NAME)";
				SWIFT_VERSION = 4.0;
				TARGETED_DEVICE_FAMILY = "1,2";
			};
			name = Release;
		};
/* End XCBuildConfiguration section */

/* Begin XCConfigurationList section */
		FAF6AE2B210A1E1E00C2AD54 /* Build configuration list for PBXProject "Button Circles" */ = {
			isa = XCConfigurationList;
			buildConfigurations = (
				FAF6AE40210A1E2000C2AD54 /* Debug */,
				FAF6AE41210A1E2000C2AD54 /* Release */,
			);
			defaultConfigurationIsVisible = 0;
			defaultConfigurationName = Release;
		};
		FAF6AE42210A1E2000C2AD54 /* Build configuration list for PBXNativeTarget "Button Circles" */ = {
			isa = XCConfigurationList;
			buildConfigurations = (
				FAF6AE43210A1E2000C2AD54 /* Debug */,
				FAF6AE44210A1E2000C2AD54 /* Release */,
			);
			defaultConfigurationIsVisible = 0;
			defaultConfigurationName = Release;
		};
/* End XCConfigurationList section */
	};
	rootObject = FAF6AE28210A1E1E00C2AD54 /* Project object */;
}
