// !$*UTF8*$!
{
	archiveVersion = 1;
	classes = {
	};
	objectVersion = 50;
	objects = {

/* Begin PBXBuildFile section */
		EB897BFE5BE8BF8AD84F73B4 /* Pods_My_Course_Book.framework in Frameworks */ = {isa = PBXBuildFile; fileRef = 1BEBF6AFE0FE02FBD6C5C7A2 /* Pods_My_Course_Book.framework */; };
		FA09BFD021160A00003860E6 /* Course.swift in Sources */ = {isa = PBXBuildFile; fileRef = FA09BFCF21160A00003860E6 /* Course.swift */; };
		FA09BFD22116143D003860E6 /* AdditionalVC.swift in Sources */ = {isa = PBXBuildFile; fileRef = FA09BFD12116143D003860E6 /* AdditionalVC.swift */; };
		FA657578211515B000F802DF /* AppDelegate.swift in Sources */ = {isa = PBXBuildFile; fileRef = FA657577211515B000F802DF /* AppDelegate.swift */; };
		FA65757A211515B000F802DF /* ViewController.swift in Sources */ = {isa = PBXBuildFile; fileRef = FA657579211515B000F802DF /* ViewController.swift */; };
		FA65757D211515B000F802DF /* Main.storyboard in Resources */ = {isa = PBXBuildFile; fileRef = FA65757B211515B000F802DF /* Main.storyboard */; };
		FA65757F211515B100F802DF /* Assets.xcassets in Resources */ = {isa = PBXBuildFile; fileRef = FA65757E211515B100F802DF /* Assets.xcassets */; };
		FA657582211515B100F802DF /* LaunchScreen.storyboard in Resources */ = {isa = PBXBuildFile; fileRef = FA657580211515B100F802DF /* LaunchScreen.storyboard */; };
/* End PBXBuildFile section */

/* Begin PBXFileReference section */
		1BEBF6AFE0FE02FBD6C5C7A2 /* Pods_My_Course_Book.framework */ = {isa = PBXFileReference; explicitFileType = wrapper.framework; includeInIndex = 0; path = Pods_My_Course_Book.framework; sourceTree = BUILT_PRODUCTS_DIR; };
		23F2D7AB5BC6A3CDA22CD7E7 /* Pods-My Course Book.release.xcconfig */ = {isa = PBXFileReference; includeInIndex = 1; lastKnownFileType = text.xcconfig; name = "Pods-My Course Book.release.xcconfig"; path = "Pods/Target Support Files/Pods-My Course Book/Pods-My Course Book.release.xcconfig"; sourceTree = "<group>"; };
		53DC7AF0793BABED6511A32A /* Pods-My Course Book.debug.xcconfig */ = {isa = PBXFileReference; includeInIndex = 1; lastKnownFileType = text.xcconfig; name = "Pods-My Course Book.debug.xcconfig"; path = "Pods/Target Support Files/Pods-My Course Book/Pods-My Course Book.debug.xcconfig"; sourceTree = "<group>"; };
		FA09BFCF21160A00003860E6 /* Course.swift */ = {isa = PBXFileReference; lastKnownFileType = sourcecode.swift; path = Course.swift; sourceTree = "<group>"; };
		FA09BFD12116143D003860E6 /* AdditionalVC.swift */ = {isa = PBXFileReference; lastKnownFileType = sourcecode.swift; path = AdditionalVC.swift; sourceTree = "<group>"; };
		FA657574211515B000F802DF /* My Course Book.app */ = {isa = PBXFileReference; explicitFileType = wrapper.application; includeInIndex = 0; path = "My Course Book.app"; sourceTree = BUILT_PRODUCTS_DIR; };
		FA657577211515B000F802DF /* AppDelegate.swift */ = {isa = PBXFileReference; lastKnownFileType = sourcecode.swift; path = AppDelegate.swift; sourceTree = "<group>"; };
		FA657579211515B000F802DF /* ViewController.swift */ = {isa = PBXFileReference; lastKnownFileType = sourcecode.swift; path = ViewController.swift; sourceTree = "<group>"; };
		FA65757C211515B000F802DF /* Base */ = {isa = PBXFileReference; lastKnownFileType = file.storyboard; name = Base; path = Base.lproj/Main.storyboard; sourceTree = "<group>"; };
		FA65757E211515B100F802DF /* Assets.xcassets */ = {isa = PBXFileReference; lastKnownFileType = folder.assetcatalog; path = Assets.xcassets; sourceTree = "<group>"; };
		FA657581211515B100F802DF /* Base */ = {isa = PBXFileReference; lastKnownFileType = file.storyboard; name = Base; path = Base.lproj/LaunchScreen.storyboard; sourceTree = "<group>"; };
		FA657583211515B100F802DF /* Info.plist */ = {isa = PBXFileReference; lastKnownFileType = text.plist.xml; path = Info.plist; sourceTree = "<group>"; };
/* End PBXFileReference section */

/* Begin PBXFrameworksBuildPhase section */
		FA657571211515B000F802DF /* Frameworks */ = {
			isa = PBXFrameworksBuildPhase;
			buildActionMask = 2147483647;
			files = (
				EB897BFE5BE8BF8AD84F73B4 /* Pods_My_Course_Book.framework in Frameworks */,
			);
			runOnlyForDeploymentPostprocessing = 0;
		};
/* End PBXFrameworksBuildPhase section */

/* Begin PBXGroup section */
		CF06A6D1A2D5B929E600E33E /* Frameworks */ = {
			isa = PBXGroup;
			children = (
				1BEBF6AFE0FE02FBD6C5C7A2 /* Pods_My_Course_Book.framework */,
			);
			name = Frameworks;
			sourceTree = "<group>";
		};
		FA09BFCE211609D8003860E6 /* Model */ = {
			isa = PBXGroup;
			children = (
				FA09BFCF21160A00003860E6 /* Course.swift */,
			);
			path = Model;
			sourceTree = "<group>";
		};
		FA65756B211515B000F802DF = {
			isa = PBXGroup;
			children = (
				FA657576211515B000F802DF /* My Course Book */,
				FA657575211515B000F802DF /* Products */,
				FFC661509257F87B89296933 /* Pods */,
				CF06A6D1A2D5B929E600E33E /* Frameworks */,
			);
			sourceTree = "<group>";
		};
		FA657575211515B000F802DF /* Products */ = {
			isa = PBXGroup;
			children = (
				FA657574211515B000F802DF /* My Course Book.app */,
			);
			name = Products;
			sourceTree = "<group>";
		};
		FA657576211515B000F802DF /* My Course Book */ = {
			isa = PBXGroup;
			children = (
				FA09BFCE211609D8003860E6 /* Model */,
				FA657577211515B000F802DF /* AppDelegate.swift */,
				FA657579211515B000F802DF /* ViewController.swift */,
				FA65757B211515B000F802DF /* Main.storyboard */,
				FA65757E211515B100F802DF /* Assets.xcassets */,
				FA657580211515B100F802DF /* LaunchScreen.storyboard */,
				FA657583211515B100F802DF /* Info.plist */,
				FA09BFD12116143D003860E6 /* AdditionalVC.swift */,
			);
			path = "My Course Book";
			sourceTree = "<group>";
		};
		FFC661509257F87B89296933 /* Pods */ = {
			isa = PBXGroup;
			children = (
				53DC7AF0793BABED6511A32A /* Pods-My Course Book.debug.xcconfig */,
				23F2D7AB5BC6A3CDA22CD7E7 /* Pods-My Course Book.release.xcconfig */,
			);
			name = Pods;
			sourceTree = "<group>";
		};
/* End PBXGroup section */

/* Begin PBXNativeTarget section */
		FA657573211515B000F802DF /* My Course Book */ = {
			isa = PBXNativeTarget;
			buildConfigurationList = FA657586211515B100F802DF /* Build configuration list for PBXNativeTarget "My Course Book" */;
			buildPhases = (
				4C7DE69AA6A38FB74B30B94F /* [CP] Check Pods Manifest.lock */,
				FA657570211515B000F802DF /* Sources */,
				FA657571211515B000F802DF /* Frameworks */,
				FA657572211515B000F802DF /* Resources */,
				C19E4313E33EB3D1A33C63F5 /* [CP] Embed Pods Frameworks */,
			);
			buildRules = (
			);
			dependencies = (
			);
			name = "My Course Book";
			productName = "My Course Book";
			productReference = FA657574211515B000F802DF /* My Course Book.app */;
			productType = "com.apple.product-type.application";
		};
/* End PBXNativeTarget section */

/* Begin PBXProject section */
		FA65756C211515B000F802DF /* Project object */ = {
			isa = PBXProject;
			attributes = {
				LastSwiftUpdateCheck = 0940;
				LastUpgradeCheck = 0940;
				ORGANIZATIONNAME = "Sourav Sarkar";
				TargetAttributes = {
					FA657573211515B000F802DF = {
						CreatedOnToolsVersion = 9.4.1;
					};
				};
			};
			buildConfigurationList = FA65756F211515B000F802DF /* Build configuration list for PBXProject "My Course Book" */;
			compatibilityVersion = "Xcode 9.3";
			developmentRegion = en;
			hasScannedForEncodings = 0;
			knownRegions = (
				en,
				Base,
			);
			mainGroup = FA65756B211515B000F802DF;
			productRefGroup = FA657575211515B000F802DF /* Products */;
			projectDirPath = "";
			projectRoot = "";
			targets = (
				FA657573211515B000F802DF /* My Course Book */,
			);
		};
/* End PBXProject section */

/* Begin PBXResourcesBuildPhase section */
		FA657572211515B000F802DF /* Resources */ = {
			isa = PBXResourcesBuildPhase;
			buildActionMask = 2147483647;
			files = (
				FA657582211515B100F802DF /* LaunchScreen.storyboard in Resources */,
				FA65757F211515B100F802DF /* Assets.xcassets in Resources */,
				FA65757D211515B000F802DF /* Main.storyboard in Resources */,
			);
			runOnlyForDeploymentPostprocessing = 0;
		};
/* End PBXResourcesBuildPhase section */

/* Begin PBXShellScriptBuildPhase section */
		4C7DE69AA6A38FB74B30B94F /* [CP] Check Pods Manifest.lock */ = {
			isa = PBXShellScriptBuildPhase;
			buildActionMask = 2147483647;
			files = (
			);
			inputPaths = (
				"${PODS_PODFILE_DIR_PATH}/Podfile.lock",
				"${PODS_ROOT}/Manifest.lock",
			);
			name = "[CP] Check Pods Manifest.lock";
			outputPaths = (
				"$(DERIVED_FILE_DIR)/Pods-My Course Book-checkManifestLockResult.txt",
			);
			runOnlyForDeploymentPostprocessing = 0;
			shellPath = /bin/sh;
			shellScript = "diff \"${PODS_PODFILE_DIR_PATH}/Podfile.lock\" \"${PODS_ROOT}/Manifest.lock\" > /dev/null\nif [ $? != 0 ] ; then\n    # print error to STDERR\n    echo \"error: The sandbox is not in sync with the Podfile.lock. Run 'pod install' or update your CocoaPods installation.\" >&2\n    exit 1\nfi\n# This output is used by Xcode 'outputs' to avoid re-running this script phase.\necho \"SUCCESS\" > \"${SCRIPT_OUTPUT_FILE_0}\"\n";
			showEnvVarsInLog = 0;
		};
		C19E4313E33EB3D1A33C63F5 /* [CP] Embed Pods Frameworks */ = {
			isa = PBXShellScriptBuildPhase;
			buildActionMask = 2147483647;
			files = (
			);
			inputPaths = (
				"${SRCROOT}/Pods/Target Support Files/Pods-My Course Book/Pods-My Course Book-frameworks.sh",
				"${BUILT_PRODUCTS_DIR}/Realm/Realm.framework",
				"${BUILT_PRODUCTS_DIR}/RealmSwift/RealmSwift.framework",
			);
			name = "[CP] Embed Pods Frameworks";
			outputPaths = (
				"${TARGET_BUILD_DIR}/${FRAMEWORKS_FOLDER_PATH}/Realm.framework",
				"${TARGET_BUILD_DIR}/${FRAMEWORKS_FOLDER_PATH}/RealmSwift.framework",
			);
			runOnlyForDeploymentPostprocessing = 0;
			shellPath = /bin/sh;
			shellScript = "\"${SRCROOT}/Pods/Target Support Files/Pods-My Course Book/Pods-My Course Book-frameworks.sh\"\n";
			showEnvVarsInLog = 0;
		};
/* End PBXShellScriptBuildPhase section */

/* Begin PBXSourcesBuildPhase section */
		FA657570211515B000F802DF /* Sources */ = {
			isa = PBXSourcesBuildPhase;
			buildActionMask = 2147483647;
			files = (
				FA09BFD021160A00003860E6 /* Course.swift in Sources */,
				FA65757A211515B000F802DF /* ViewController.swift in Sources */,
				FA657578211515B000F802DF /* AppDelegate.swift in Sources */,
				FA09BFD22116143D003860E6 /* AdditionalVC.swift in Sources */,
			);
			runOnlyForDeploymentPostprocessing = 0;
		};
/* End PBXSourcesBuildPhase section */

/* Begin PBXVariantGroup section */
		FA65757B211515B000F802DF /* Main.storyboard */ = {
			isa = PBXVariantGroup;
			children = (
				FA65757C211515B000F802DF /* Base */,
			);
			name = Main.storyboard;
			sourceTree = "<group>";
		};
		FA657580211515B100F802DF /* LaunchScreen.storyboard */ = {
			isa = PBXVariantGroup;
			children = (
				FA657581211515B100F802DF /* Base */,
			);
			name = LaunchScreen.storyboard;
			sourceTree = "<group>";
		};
/* End PBXVariantGroup section */

/* Begin XCBuildConfiguration section */
		FA657584211515B100F802DF /* Debug */ = {
			isa = XCBuildConfiguration;
			buildSettings = {
				ALWAYS_SEARCH_USER_PATHS = NO;
				CLANG_ANALYZER_NONNULL = YES;
				CLANG_ANALYZER_NUMBER_OBJECT_CONVERSION = YES_AGGRESSIVE;
				CLANG_CXX_LANGUAGE_STANDARD = "gnu++14";
				CLANG_CXX_LIBRARY = "libc++";
				CLANG_ENABLE_MODULES = YES;
				CLANG_ENABLE_OBJC_ARC = YES;
				CLANG_ENABLE_OBJC_WEAK = YES;
				CLANG_WARN_BLOCK_CAPTURE_AUTORELEASING = YES;
				CLANG_WARN_BOOL_CONVERSION = YES;
				CLANG_WARN_COMMA = YES;
				CLANG_WARN_CONSTANT_CONVERSION = YES;
				CLANG_WARN_DEPRECATED_OBJC_IMPLEMENTATIONS = YES;
				CLANG_WARN_DIRECT_OBJC_ISA_USAGE = YES_ERROR;
				CLANG_WARN_DOCUMENTATION_COMMENTS = YES;
				CLANG_WARN_EMPTY_BODY = YES;
				CLANG_WARN_ENUM_CONVERSION = YES;
				CLANG_WARN_INFINITE_RECURSION = YES;
				CLANG_WARN_INT_CONVERSION = YES;
				CLANG_WARN_NON_LITERAL_NULL_CONVERSION = YES;
				CLANG_WARN_OBJC_IMPLICIT_RETAIN_SELF = YES;
				CLANG_WARN_OBJC_LITERAL_CONVERSION = YES;
				CLANG_WARN_OBJC_ROOT_CLASS = YES_ERROR;
				CLANG_WARN_RANGE_LOOP_ANALYSIS = YES;
				CLANG_WARN_STRICT_PROTOTYPES = YES;
				CLANG_WARN_SUSPICIOUS_MOVE = YES;
				CLANG_WARN_UNGUARDED_AVAILABILITY = YES_AGGRESSIVE;
				CLANG_WARN_UNREACHABLE_CODE = YES;
				CLANG_WARN__DUPLICATE_METHOD_MATCH = YES;
				CODE_SIGN_IDENTITY = "iPhone Developer";
				COPY_PHASE_STRIP = NO;
				DEBUG_INFORMATION_FORMAT = dwarf;
				ENABLE_STRICT_OBJC_MSGSEND = YES;
				ENABLE_TESTABILITY = YES;
				GCC_C_LANGUAGE_STANDARD = gnu11;
				GCC_DYNAMIC_NO_PIC = NO;
				GCC_NO_COMMON_BLOCKS = YES;
				GCC_OPTIMIZATION_LEVEL = 0;
				GCC_PREPROCESSOR_DEFINITIONS = (
					"DEBUG=1",
					"$(inherited)",
				);
				GCC_WARN_64_TO_32_BIT_CONVERSION = YES;
				GCC_WARN_ABOUT_RETURN_TYPE = YES_ERROR;
				GCC_WARN_UNDECLARED_SELECTOR = YES;
				GCC_WARN_UNINITIALIZED_AUTOS = YES_AGGRESSIVE;
				GCC_WARN_UNUSED_FUNCTION = YES;
				GCC_WARN_UNUSED_VARIABLE = YES;
				IPHONEOS_DEPLOYMENT_TARGET = 11.4;
				MTL_ENABLE_DEBUG_INFO = YES;
				ONLY_ACTIVE_ARCH = YES;
				SDKROOT = iphoneos;
				SWIFT_ACTIVE_COMPILATION_CONDITIONS = DEBUG;
				SWIFT_OPTIMIZATION_LEVEL = "-Onone";
			};
			name = Debug;
		};
		FA657585211515B100F802DF /* Release */ = {
			isa = XCBuildConfiguration;
			buildSettings = {
				ALWAYS_SEARCH_USER_PATHS = NO;
				CLANG_ANALYZER_NONNULL = YES;
				CLANG_ANALYZER_NUMBER_OBJECT_CONVERSION = YES_AGGRESSIVE;
				CLANG_CXX_LANGUAGE_STANDARD = "gnu++14";
				CLANG_CXX_LIBRARY = "libc++";
				CLANG_ENABLE_MODULES = YES;
				CLANG_ENABLE_OBJC_ARC = YES;
				CLANG_ENABLE_OBJC_WEAK = YES;
				CLANG_WARN_BLOCK_CAPTURE_AUTORELEASING = YES;
				CLANG_WARN_BOOL_CONVERSION = YES;
				CLANG_WARN_COMMA = YES;
				CLANG_WARN_CONSTANT_CONVERSION = YES;
				CLANG_WARN_DEPRECATED_OBJC_IMPLEMENTATIONS = YES;
				CLANG_WARN_DIRECT_OBJC_ISA_USAGE = YES_ERROR;
				CLANG_WARN_DOCUMENTATION_COMMENTS = YES;
				CLANG_WARN_EMPTY_BODY = YES;
				CLANG_WARN_ENUM_CONVERSION = YES;
				CLANG_WARN_INFINITE_RECURSION = YES;
				CLANG_WARN_INT_CONVERSION = YES;
				CLANG_WARN_NON_LITERAL_NULL_CONVERSION = YES;
				CLANG_WARN_OBJC_IMPLICIT_RETAIN_SELF = YES;
				CLANG_WARN_OBJC_LITERAL_CONVERSION = YES;
				CLANG_WARN_OBJC_ROOT_CLASS = YES_ERROR;
				CLANG_WARN_RANGE_LOOP_ANALYSIS = YES;
				CLANG_WARN_STRICT_PROTOTYPES = YES;
				CLANG_WARN_SUSPICIOUS_MOVE = YES;
				CLANG_WARN_UNGUARDED_AVAILABILITY = YES_AGGRESSIVE;
				CLANG_WARN_UNREACHABLE_CODE = YES;
				CLANG_WARN__DUPLICATE_METHOD_MATCH = YES;
				CODE_SIGN_IDENTITY = "iPhone Developer";
				COPY_PHASE_STRIP = NO;
				DEBUG_INFORMATION_FORMAT = "dwarf-with-dsym";
				ENABLE_NS_ASSERTIONS = NO;
				ENABLE_STRICT_OBJC_MSGSEND = YES;
				GCC_C_LANGUAGE_STANDARD = gnu11;
				GCC_NO_COMMON_BLOCKS = YES;
				GCC_WARN_64_TO_32_BIT_CONVERSION = YES;
				GCC_WARN_ABOUT_RETURN_TYPE = YES_ERROR;
				GCC_WARN_UNDECLARED_SELECTOR = YES;
				GCC_WARN_UNINITIALIZED_AUTOS = YES_AGGRESSIVE;
				GCC_WARN_UNUSED_FUNCTION = YES;
				GCC_WARN_UNUSED_VARIABLE = YES;
				IPHONEOS_DEPLOYMENT_TARGET = 11.4;
				MTL_ENABLE_DEBUG_INFO = NO;
				SDKROOT = iphoneos;
				SWIFT_COMPILATION_MODE = wholemodule;
				SWIFT_OPTIMIZATION_LEVEL = "-O";
				VALIDATE_PRODUCT = YES;
			};
			name = Release;
		};
		FA657587211515B100F802DF /* Debug */ = {
			isa = XCBuildConfiguration;
			baseConfigurationReference = 53DC7AF0793BABED6511A32A /* Pods-My Course Book.debug.xcconfig */;
			buildSettings = {
				ASSETCATALOG_COMPILER_APPICON_NAME = AppIcon;
				CODE_SIGN_STYLE = Automatic;
				DEVELOPMENT_TEAM = D482MV8P94;
				INFOPLIST_FILE = "My Course Book/Info.plist";
				LD_RUNPATH_SEARCH_PATHS = (
					"$(inherited)",
					"@executable_path/Frameworks",
				);
				PRODUCT_BUNDLE_IDENTIFIER = "com.sourav.My-Course-Book";
				PRODUCT_NAME = "$(TARGET_NAME)";
				SWIFT_VERSION = 4.0;
				TARGETED_DEVICE_FAMILY = "1,2";
			};
			name = Debug;
		};
		FA657588211515B100F802DF /* Release */ = {
			isa = XCBuildConfiguration;
			baseConfigurationReference = 23F2D7AB5BC6A3CDA22CD7E7 /* Pods-My Course Book.release.xcconfig */;
			buildSettings = {
				ASSETCATALOG_COMPILER_APPICON_NAME = AppIcon;
				CODE_SIGN_STYLE = Automatic;
				DEVELOPMENT_TEAM = D482MV8P94;
				INFOPLIST_FILE = "My Course Book/Info.plist";
				LD_RUNPATH_SEARCH_PATHS = (
					"$(inherited)",
					"@executable_path/Frameworks",
				);
				PRODUCT_BUNDLE_IDENTIFIER = "com.sourav.My-Course-Book";
				PRODUCT_NAME = "$(TARGET_NAME)";
				SWIFT_VERSION = 4.0;
				TARGETED_DEVICE_FAMILY = "1,2";
			};
			name = Release;
		};
/* End XCBuildConfiguration section */

/* Begin XCConfigurationList section */
		FA65756F211515B000F802DF /* Build configuration list for PBXProject "My Course Book" */ = {
			isa = XCConfigurationList;
			buildConfigurations = (
				FA657584211515B100F802DF /* Debug */,
				FA657585211515B100F802DF /* Release */,
			);
			defaultConfigurationIsVisible = 0;
			defaultConfigurationName = Release;
		};
		FA657586211515B100F802DF /* Build configuration list for PBXNativeTarget "My Course Book" */ = {
			isa = XCConfigurationList;
			buildConfigurations = (
				FA657587211515B100F802DF /* Debug */,
				FA657588211515B100F802DF /* Release */,
			);
			defaultConfigurationIsVisible = 0;
			defaultConfigurationName = Release;
		};
/* End XCConfigurationList section */
	};
	rootObject = FA65756C211515B000F802DF /* Project object */;
}
